// !$*UTF8*$!
{
	archiveVersion = 1;
	classes = {
	};
	objectVersion = 50;
	objects = {

/* Begin PBXBuildFile section */
		FEBB818224E240E1000F5544 /* AppDelegate.swift in Sources */ = {isa = PBXBuildFile; fileRef = FEBB818124E240E1000F5544 /* AppDelegate.swift */; };
		FEBB818424E240E1000F5544 /* SceneDelegate.swift in Sources */ = {isa = PBXBuildFile; fileRef = FEBB818324E240E1000F5544 /* SceneDelegate.swift */; };
		FEBB818624E240E1000F5544 /* ViewController.swift in Sources */ = {isa = PBXBuildFile; fileRef = FEBB818524E240E1000F5544 /* ViewController.swift */; };
		FEBB818924E240E1000F5544 /* Main.storyboard in Resources */ = {isa = PBXBuildFile; fileRef = FEBB818724E240E1000F5544 /* Main.storyboard */; };
		FEBB818B24E240E2000F5544 /* Assets.xcassets in Resources */ = {isa = PBXBuildFile; fileRef = FEBB818A24E240E2000F5544 /* Assets.xcassets */; };
		FEBB818E24E240E2000F5544 /* LaunchScreen.storyboard in Resources */ = {isa = PBXBuildFile; fileRef = FEBB818C24E240E2000F5544 /* LaunchScreen.storyboard */; };
		FEBB819824E243D6000F5544 /* View.xib in Resources */ = {isa = PBXBuildFile; fileRef = FEBB819724E243D6000F5544 /* View.xib */; };
/* End PBXBuildFile section */

/* Begin PBXFileReference section */
		FEBB817E24E240E1000F5544 /* GitConflict.app */ = {isa = PBXFileReference; explicitFileType = wrapper.application; includeInIndex = 0; path = GitConflict.app; sourceTree = BUILT_PRODUCTS_DIR; };
		FEBB818124E240E1000F5544 /* AppDelegate.swift */ = {isa = PBXFileReference; lastKnownFileType = sourcecode.swift; path = AppDelegate.swift; sourceTree = "<group>"; };
		FEBB818324E240E1000F5544 /* SceneDelegate.swift */ = {isa = PBXFileReference; lastKnownFileType = sourcecode.swift; path = SceneDelegate.swift; sourceTree = "<group>"; };
		FEBB818524E240E1000F5544 /* ViewController.swift */ = {isa = PBXFileReference; lastKnownFileType = sourcecode.swift; path = ViewController.swift; sourceTree = "<group>"; };
		FEBB818824E240E1000F5544 /* Base */ = {isa = PBXFileReference; lastKnownFileType = file.storyboard; name = Base; path = Base.lproj/Main.storyboard; sourceTree = "<group>"; };
		FEBB818A24E240E2000F5544 /* Assets.xcassets */ = {isa = PBXFileReference; lastKnownFileType = folder.assetcatalog; path = Assets.xcassets; sourceTree = "<group>"; };
		FEBB818D24E240E2000F5544 /* Base */ = {isa = PBXFileReference; lastKnownFileType = file.storyboard; name = Base; path = Base.lproj/LaunchScreen.storyboard; sourceTree = "<group>"; };
		FEBB818F24E240E2000F5544 /* Info.plist */ = {isa = PBXFileReference; lastKnownFileType = text.plist.xml; path = Info.plist; sourceTree = "<group>"; };
		FEBB819724E243D6000F5544 /* View.xib */ = {isa = PBXFileReference; lastKnownFileType = file.xib; path = View.xib; sourceTree = "<group>"; };
/* End PBXFileReference section */

/* Begin PBXFrameworksBuildPhase section */
		FEBB817B24E240E1000F5544 /* Frameworks */ = {
			isa = PBXFrameworksBuildPhase;
			buildActionMask = 2147483647;
			files = (
			);
			runOnlyForDeploymentPostprocessing = 0;
		};
/* End PBXFrameworksBuildPhase section */

/* Begin PBXGroup section */
		FEBB817524E240E1000F5544 = {
			isa = PBXGroup;
			children = (
				FEBB818024E240E1000F5544 /* GitConflict */,
				FEBB817F24E240E1000F5544 /* Products */,
			);
			sourceTree = "<group>";
		};
		FEBB817F24E240E1000F5544 /* Products */ = {
			isa = PBXGroup;
			children = (
				FEBB817E24E240E1000F5544 /* GitConflict.app */,
			);
			name = Products;
			sourceTree = "<group>";
		};
		FEBB818024E240E1000F5544 /* GitConflict */ = {
			isa = PBXGroup;
			children = (
				FEBB818124E240E1000F5544 /* AppDelegate.swift */,
				FEBB818324E240E1000F5544 /* SceneDelegate.swift */,
				FEBB818524E240E1000F5544 /* ViewController.swift */,
				FEBB818724E240E1000F5544 /* Main.storyboard */,
				FEBB818A24E240E2000F5544 /* Assets.xcassets */,
				FEBB818C24E240E2000F5544 /* LaunchScreen.storyboard */,
				FEBB818F24E240E2000F5544 /* Info.plist */,
				FEBB819724E243D6000F5544 /* View.xib */,
			);
			path = GitConflict;
			sourceTree = "<group>";
		};
/* End PBXGroup section */

/* Begin PBXNativeTarget section */
		FEBB817D24E240E1000F5544 /* GitConflict */ = {
			isa = PBXNativeTarget;
			buildConfigurationList = FEBB819224E240E2000F5544 /* Build configuration list for PBXNativeTarget "GitConflict" */;
			buildPhases = (
				FEBB817A24E240E1000F5544 /* Sources */,
				FEBB817B24E240E1000F5544 /* Frameworks */,
				FEBB817C24E240E1000F5544 /* Resources */,
			);
			buildRules = (
			);
			dependencies = (
			);
			name = GitConflict;
			productName = GitConflict;
			productReference = FEBB817E24E240E1000F5544 /* GitConflict.app */;
			productType = "com.apple.product-type.application";
		};
/* End PBXNativeTarget section */

/* Begin PBXProject section */
		FEBB817624E240E1000F5544 /* Project object */ = {
			isa = PBXProject;
			attributes = {
				LastSwiftUpdateCheck = 1160;
				LastUpgradeCheck = 1160;
				ORGANIZATIONNAME = TakkuMattsu;
				TargetAttributes = {
					FEBB817D24E240E1000F5544 = {
						CreatedOnToolsVersion = 11.6;
					};
				};
			};
			buildConfigurationList = FEBB817924E240E1000F5544 /* Build configuration list for PBXProject "GitConflict" */;
			compatibilityVersion = "Xcode 9.3";
			developmentRegion = en;
			hasScannedForEncodings = 0;
			knownRegions = (
				en,
				Base,
			);
			mainGroup = FEBB817524E240E1000F5544;
			productRefGroup = FEBB817F24E240E1000F5544 /* Products */;
			projectDirPath = "";
			projectRoot = "";
			targets = (
				FEBB817D24E240E1000F5544 /* GitConflict */,
			);
		};
/* End PBXProject section */

/* Begin PBXResourcesBuildPhase section */
		FEBB817C24E240E1000F5544 /* Resources */ = {
			isa = PBXResourcesBuildPhase;
			buildActionMask = 2147483647;
			files = (
				FEBB819824E243D6000F5544 /* View.xib in Resources */,
				FEBB818E24E240E2000F5544 /* LaunchScreen.storyboard in Resources */,
				FEBB818B24E240E2000F5544 /* Assets.xcassets in Resources */,
				FEBB818924E240E1000F5544 /* Main.storyboard in Resources */,
			);
			runOnlyForDeploymentPostprocessing = 0;
		};
/* End PBXResourcesBuildPhase section */

/* Begin PBXSourcesBuildPhase section */
		FEBB817A24E240E1000F5544 /* Sources */ = {
			isa = PBXSourcesBuildPhase;
			buildActionMask = 2147483647;
			files = (
				FEBB818624E240E1000F5544 /* ViewController.swift in Sources */,
				FEBB818224E240E1000F5544 /* AppDelegate.swift in Sources */,
				FEBB818424E240E1000F5544 /* SceneDelegate.swift in Sources */,
			);
			runOnlyForDeploymentPostprocessing = 0;
		};
/* End PBXSourcesBuildPhase section */

/* Begin PBXVariantGroup section */
		FEBB818724E240E1000F5544 /* Main.storyboard */ = {
			isa = PBXVariantGroup;
			children = (
				FEBB818824E240E1000F5544 /* Base */,
			);
			name = Main.storyboard;
			sourceTree = "<group>";
		};
		FEBB818C24E240E2000F5544 /* LaunchScreen.storyboard */ = {
			isa = PBXVariantGroup;
			children = (
				FEBB818D24E240E2000F5544 /* Base */,
			);
			name = LaunchScreen.storyboard;
			sourceTree = "<group>";
		};
/* End PBXVariantGroup section */

/* Begin XCBuildConfiguration section */
		FEBB819024E240E2000F5544 /* Debug */ = {
			isa = XCBuildConfiguration;
			buildSettings = {
				ALWAYS_SEARCH_USER_PATHS = NO;
				CLANG_ANALYZER_NONNULL = YES;
				CLANG_ANALYZER_NUMBER_OBJECT_CONVERSION = YES_AGGRESSIVE;
				CLANG_CXX_LANGUAGE_STANDARD = "gnu++14";
				CLANG_CXX_LIBRARY = "libc++";
				CLANG_ENABLE_MODULES = YES;
				CLANG_ENABLE_OBJC_ARC = YES;
				CLANG_ENABLE_OBJC_WEAK = YES;
				CLANG_WARN_BLOCK_CAPTURE_AUTORELEASING = YES;
				CLANG_WARN_BOOL_CONVERSION = YES;
				CLANG_WARN_COMMA = YES;
				CLANG_WARN_CONSTANT_CONVERSION = YES;
				CLANG_WARN_DEPRECATED_OBJC_IMPLEMENTATIONS = YES;
				CLANG_WARN_DIRECT_OBJC_ISA_USAGE = YES_ERROR;
				CLANG_WARN_DOCUMENTATION_COMMENTS = YES;
				CLANG_WARN_EMPTY_BODY = YES;
				CLANG_WARN_ENUM_CONVERSION = YES;
				CLANG_WARN_INFINITE_RECURSION = YES;
				CLANG_WARN_INT_CONVERSION = YES;
				CLANG_WARN_NON_LITERAL_NULL_CONVERSION = YES;
				CLANG_WARN_OBJC_IMPLICIT_RETAIN_SELF = YES;
				CLANG_WARN_OBJC_LITERAL_CONVERSION = YES;
				CLANG_WARN_OBJC_ROOT_CLASS = YES_ERROR;
				CLANG_WARN_RANGE_LOOP_ANALYSIS = YES;
				CLANG_WARN_STRICT_PROTOTYPES = YES;
				CLANG_WARN_SUSPICIOUS_MOVE = YES;
				CLANG_WARN_UNGUARDED_AVAILABILITY = YES_AGGRESSIVE;
				CLANG_WARN_UNREACHABLE_CODE = YES;
				CLANG_WARN__DUPLICATE_METHOD_MATCH = YES;
				COPY_PHASE_STRIP = NO;
				DEBUG_INFORMATION_FORMAT = dwarf;
				ENABLE_STRICT_OBJC_MSGSEND = YES;
				ENABLE_TESTABILITY = YES;
				GCC_C_LANGUAGE_STANDARD = gnu11;
				GCC_DYNAMIC_NO_PIC = NO;
				GCC_NO_COMMON_BLOCKS = YES;
				GCC_OPTIMIZATION_LEVEL = 0;
				GCC_PREPROCESSOR_DEFINITIONS = (
					"DEBUG=1",
					"$(inherited)",
				);
				GCC_WARN_64_TO_32_BIT_CONVERSION = YES;
				GCC_WARN_ABOUT_RETURN_TYPE = YES_ERROR;
				GCC_WARN_UNDECLARED_SELECTOR = YES;
				GCC_WARN_UNINITIALIZED_AUTOS = YES_AGGRESSIVE;
				GCC_WARN_UNUSED_FUNCTION = YES;
				GCC_WARN_UNUSED_VARIABLE = YES;
				IPHONEOS_DEPLOYMENT_TARGET = 13.6;
				MTL_ENABLE_DEBUG_INFO = INCLUDE_SOURCE;
				MTL_FAST_MATH = YES;
				ONLY_ACTIVE_ARCH = YES;
				SDKROOT = iphoneos;
				SWIFT_ACTIVE_COMPILATION_CONDITIONS = DEBUG;
				SWIFT_OPTIMIZATION_LEVEL = "-Onone";
			};
			name = Debug;
		};
		FEBB819124E240E2000F5544 /* Release */ = {
			isa = XCBuildConfiguration;
			buildSettings = {
				ALWAYS_SEARCH_USER_PATHS = NO;
				CLANG_ANALYZER_NONNULL = YES;
				CLANG_ANALYZER_NUMBER_OBJECT_CONVERSION = YES_AGGRESSIVE;
				CLANG_CXX_LANGUAGE_STANDARD = "gnu++14";
				CLANG_CXX_LIBRARY = "libc++";
				CLANG_ENABLE_MODULES = YES;
				CLANG_ENABLE_OBJC_ARC = YES;
				CLANG_ENABLE_OBJC_WEAK = YES;
				CLANG_WARN_BLOCK_CAPTURE_AUTORELEASING = YES;
				CLANG_WARN_BOOL_CONVERSION = YES;
				CLANG_WARN_COMMA = YES;
				CLANG_WARN_CONSTANT_CONVERSION = YES;
				CLANG_WARN_DEPRECATED_OBJC_IMPLEMENTATIONS = YES;
				CLANG_WARN_DIRECT_OBJC_ISA_USAGE = YES_ERROR;
				CLANG_WARN_DOCUMENTATION_COMMENTS = YES;
				CLANG_WARN_EMPTY_BODY = YES;
				CLANG_WARN_ENUM_CONVERSION = YES;
				CLANG_WARN_INFINITE_RECURSION = YES;
				CLANG_WARN_INT_CONVERSION = YES;
				CLANG_WARN_NON_LITERAL_NULL_CONVERSION = YES;
				CLANG_WARN_OBJC_IMPLICIT_RETAIN_SELF = YES;
				CLANG_WARN_OBJC_LITERAL_CONVERSION = YES;
				CLANG_WARN_OBJC_ROOT_CLASS = YES_ERROR;
				CLANG_WARN_RANGE_LOOP_ANALYSIS = YES;
				CLANG_WARN_STRICT_PROTOTYPES = YES;
				CLANG_WARN_SUSPICIOUS_MOVE = YES;
				CLANG_WARN_UNGUARDED_AVAILABILITY = YES_AGGRESSIVE;
				CLANG_WARN_UNREACHABLE_CODE = YES;
				CLANG_WARN__DUPLICATE_METHOD_MATCH = YES;
				COPY_PHASE_STRIP = NO;
				DEBUG_INFORMATION_FORMAT = "dwarf-with-dsym";
				ENABLE_NS_ASSERTIONS = NO;
				ENABLE_STRICT_OBJC_MSGSEND = YES;
				GCC_C_LANGUAGE_STANDARD = gnu11;
				GCC_NO_COMMON_BLOCKS = YES;
				GCC_WARN_64_TO_32_BIT_CONVERSION = YES;
				GCC_WARN_ABOUT_RETURN_TYPE = YES_ERROR;
				GCC_WARN_UNDECLARED_SELECTOR = YES;
				GCC_WARN_UNINITIALIZED_AUTOS = YES_AGGRESSIVE;
				GCC_WARN_UNUSED_FUNCTION = YES;
				GCC_WARN_UNUSED_VARIABLE = YES;
				IPHONEOS_DEPLOYMENT_TARGET = 13.6;
				MTL_ENABLE_DEBUG_INFO = NO;
				MTL_FAST_MATH = YES;
				SDKROOT = iphoneos;
				SWIFT_COMPILATION_MODE = wholemodule;
				SWIFT_OPTIMIZATION_LEVEL = "-O";
				VALIDATE_PRODUCT = YES;
			};
			name = Release;
		};
		FEBB819324E240E2000F5544 /* Debug */ = {
			isa = XCBuildConfiguration;
			buildSettings = {
				ASSETCATALOG_COMPILER_APPICON_NAME = AppIcon;
				CODE_SIGN_STYLE = Automatic;
				INFOPLIST_FILE = GitConflict/Info.plist;
				LD_RUNPATH_SEARCH_PATHS = (
					"$(inherited)",
					"@executable_path/Frameworks",
				);
				PRODUCT_BUNDLE_IDENTIFIER = com.sample.project.GitConflict;
				PRODUCT_NAME = "$(TARGET_NAME)";
				SWIFT_VERSION = 5.0;
				TARGETED_DEVICE_FAMILY = "1,2";
			};
			name = Debug;
		};
		FEBB819424E240E2000F5544 /* Release */ = {
			isa = XCBuildConfiguration;
			buildSettings = {
				ASSETCATALOG_COMPILER_APPICON_NAME = AppIcon;
				CODE_SIGN_STYLE = Automatic;
				INFOPLIST_FILE = GitConflict/Info.plist;
				LD_RUNPATH_SEARCH_PATHS = (
					"$(inherited)",
					"@executable_path/Frameworks",
				);
				PRODUCT_BUNDLE_IDENTIFIER = com.sample.project.GitConflict;
				PRODUCT_NAME = "$(TARGET_NAME)";
				SWIFT_VERSION = 5.0;
				TARGETED_DEVICE_FAMILY = "1,2";
			};
			name = Release;
		};
/* End XCBuildConfiguration section */

/* Begin XCConfigurationList section */
		FEBB817924E240E1000F5544 /* Build configuration list for PBXProject "GitConflict" */ = {
			isa = XCConfigurationList;
			buildConfigurations = (
				FEBB819024E240E2000F5544 /* Debug */,
				FEBB819124E240E2000F5544 /* Release */,
			);
			defaultConfigurationIsVisible = 0;
			defaultConfigurationName = Release;
		};
		FEBB819224E240E2000F5544 /* Build configuration list for PBXNativeTarget "GitConflict" */ = {
			isa = XCConfigurationList;
			buildConfigurations = (
				FEBB819324E240E2000F5544 /* Debug */,
				FEBB819424E240E2000F5544 /* Release */,
			);
			defaultConfigurationIsVisible = 0;
			defaultConfigurationName = Release;
		};
/* End XCConfigurationList section */
	};
	rootObject = FEBB817624E240E1000F5544 /* Project object */;
}
